Microsoft Visual Studio Solution File, Format Version 12.00
# Visual Studio Version 17
VisualStudioVersion = 17.5.2.0
MinimumVisualStudioVersion = 10.0.40219.1
Project("{FAE04EC0-301F-11D3-BF4B-00C04F79EFBC}") = "DiningReview", "DiningReview\DiningReview.csproj", "{535A3B69-545D-CE20-4644-1993530EA744}"
EndProject
Global
	GlobalSection(SolutionConfigurationPlatforms) = preSolution
		Debug|Any CPU = Debug|Any CPU
		Release|Any CPU = Release|Any CPU
	EndGlobalSection
	GlobalSection(ProjectConfigurationPlatforms) = postSolution
		{535A3B69-545D-CE20-4644-1993530EA744}.Debug|Any CPU.ActiveCfg = Debug|Any CPU
		{535A3B69-545D-CE20-4644-1993530EA744}.Debug|Any CPU.Build.0 = Debug|Any CPU
		{535A3B69-545D-CE20-4644-1993530EA744}.Release|Any CPU.ActiveCfg = Release|Any CPU
		{535A3B69-545D-CE20-4644-1993530EA744}.Release|Any CPU.Build.0 = Release|Any CPU
	EndGlobalSection
	GlobalSection(SolutionProperties) = preSolution
		HideSolutionNode = FALSE
	EndGlobalSection
	GlobalSection(ExtensibilityGlobals) = postSolution
		SolutionGuid = {798A1353-71CE-4C3F-BEE6-E536655F27A1}
	EndGlobalSection
EndGlobal
